
Microsoft Visual Studio Solution File, Format Version 12.00
# Visual Studio Version 16
VisualStudioVersion = 16.0.31410.357
MinimumVisualStudioVersion = 10.0.40219.1
Project("{8BC9CEB8-8B4A-11D0-8D11-00A0C91BC942}") = "OneControl", "OneControl\OneControl.vcxproj", "{A4C387CF-B43F-3A5A-98CA-880D5D94EB0F}"
EndProject
Global
	GlobalSection(SolutionConfigurationPlatforms) = preSolution
		Debug|x64 = Debug|x64
		MinSizeRel|x64 = MinSizeRel|x64
		Release|x64 = Release|x64
		RelWithDebInfo|x64 = RelWithDebInfo|x64
	EndGlobalSection
	GlobalSection(ProjectConfigurationPlatforms) = postSolution
		{A4C387CF-B43F-3A5A-98CA-880D5D94EB0F}.Debug|x64.ActiveCfg = Debug|x64
		{A4C387CF-B43F-3A5A-98CA-880D5D94EB0F}.Debug|x64.Build.0 = Debug|x64
		{A4C387CF-B43F-3A5A-98CA-880D5D94EB0F}.MinSizeRel|x64.ActiveCfg = MinSizeRel|x64
		{A4C387CF-B43F-3A5A-98CA-880D5D94EB0F}.MinSizeRel|x64.Build.0 = MinSizeRel|x64
		{A4C387CF-B43F-3A5A-98CA-880D5D94EB0F}.Release|x64.ActiveCfg = Release|x64
		{A4C387CF-B43F-3A5A-98CA-880D5D94EB0F}.Release|x64.Build.0 = Release|x64
		{A4C387CF-B43F-3A5A-98CA-880D5D94EB0F}.RelWithDebInfo|x64.ActiveCfg = RelWithDebInfo|x64
		{A4C387CF-B43F-3A5A-98CA-880D5D94EB0F}.RelWithDebInfo|x64.Build.0 = RelWithDebInfo|x64
	EndGlobalSection
	GlobalSection(SolutionProperties) = preSolution
		HideSolutionNode = FALSE
	EndGlobalSection
	GlobalSection(ExtensibilityGlobals) = postSolution
		SolutionGuid = {ABF62F8D-A496-389D-9001-072C615CA1B9}
	EndGlobalSection
EndGlobal
